// !$*UTF8*$!
{
	archiveVersion = 1;
	classes = {
	};
	objectVersion = 46;
	objects = {

/* Begin PBXBuildFile section */
		A7D98D461B1D1BD500988E46 /* main.cpp in Sources */ = {isa = PBXBuildFile; fileRef = A7D98D451B1D1BD500988E46 /* main.cpp */; };
		A7D98D681B1D1CB100988E46 /* lapi.c in Sources */ = {isa = PBXBuildFile; fileRef = A7D98D471B1D1CB100988E46 /* lapi.c */; };
		A7D98D691B1D1CB100988E46 /* lauxlib.c in Sources */ = {isa = PBXBuildFile; fileRef = A7D98D481B1D1CB100988E46 /* lauxlib.c */; };
		A7D98D6A1B1D1CB100988E46 /* lbaselib.c in Sources */ = {isa = PBXBuildFile; fileRef = A7D98D491B1D1CB100988E46 /* lbaselib.c */; };
		A7D98D6B1B1D1CB100988E46 /* lbitlib.c in Sources */ = {isa = PBXBuildFile; fileRef = A7D98D4A1B1D1CB100988E46 /* lbitlib.c */; };
		A7D98D6C1B1D1CB100988E46 /* lcode.c in Sources */ = {isa = PBXBuildFile; fileRef = A7D98D4B1B1D1CB100988E46 /* lcode.c */; };
		A7D98D6D1B1D1CB100988E46 /* lcorolib.c in Sources */ = {isa = PBXBuildFile; fileRef = A7D98D4C1B1D1CB100988E46 /* lcorolib.c */; };
		A7D98D6E1B1D1CB100988E46 /* lctype.c in Sources */ = {isa = PBXBuildFile; fileRef = A7D98D4D1B1D1CB100988E46 /* lctype.c */; };
		A7D98D6F1B1D1CB100988E46 /* ldblib.c in Sources */ = {isa = PBXBuildFile; fileRef = A7D98D4E1B1D1CB100988E46 /* ldblib.c */; };
		A7D98D701B1D1CB100988E46 /* ldebug.c in Sources */ = {isa = PBXBuildFile; fileRef = A7D98D4F1B1D1CB100988E46 /* ldebug.c */; };
		A7D98D711B1D1CB100988E46 /* ldo.c in Sources */ = {isa = PBXBuildFile; fileRef = A7D98D501B1D1CB100988E46 /* ldo.c */; };
		A7D98D721B1D1CB100988E46 /* ldump.c in Sources */ = {isa = PBXBuildFile; fileRef = A7D98D511B1D1CB100988E46 /* ldump.c */; };
		A7D98D731B1D1CB100988E46 /* lfunc.c in Sources */ = {isa = PBXBuildFile; fileRef = A7D98D521B1D1CB100988E46 /* lfunc.c */; };
		A7D98D741B1D1CB100988E46 /* lgc.c in Sources */ = {isa = PBXBuildFile; fileRef = A7D98D531B1D1CB100988E46 /* lgc.c */; };
		A7D98D751B1D1CB100988E46 /* linit.c in Sources */ = {isa = PBXBuildFile; fileRef = A7D98D541B1D1CB100988E46 /* linit.c */; };
		A7D98D761B1D1CB100988E46 /* liolib.c in Sources */ = {isa = PBXBuildFile; fileRef = A7D98D551B1D1CB100988E46 /* liolib.c */; };
		A7D98D771B1D1CB100988E46 /* llex.c in Sources */ = {isa = PBXBuildFile; fileRef = A7D98D561B1D1CB100988E46 /* llex.c */; };
		A7D98D781B1D1CB100988E46 /* lmathlib.c in Sources */ = {isa = PBXBuildFile; fileRef = A7D98D571B1D1CB100988E46 /* lmathlib.c */; };
		A7D98D791B1D1CB100988E46 /* lmem.c in Sources */ = {isa = PBXBuildFile; fileRef = A7D98D581B1D1CB100988E46 /* lmem.c */; };
		A7D98D7A1B1D1CB100988E46 /* loadlib.c in Sources */ = {isa = PBXBuildFile; fileRef = A7D98D591B1D1CB100988E46 /* loadlib.c */; };
		A7D98D7B1B1D1CB100988E46 /* lobject.c in Sources */ = {isa = PBXBuildFile; fileRef = A7D98D5A1B1D1CB100988E46 /* lobject.c */; };
		A7D98D7C1B1D1CB100988E46 /* lopcodes.c in Sources */ = {isa = PBXBuildFile; fileRef = A7D98D5B1B1D1CB100988E46 /* lopcodes.c */; };
		A7D98D7D1B1D1CB100988E46 /* loslib.c in Sources */ = {isa = PBXBuildFile; fileRef = A7D98D5C1B1D1CB100988E46 /* loslib.c */; };
		A7D98D7E1B1D1CB100988E46 /* lparser.c in Sources */ = {isa = PBXBuildFile; fileRef = A7D98D5D1B1D1CB100988E46 /* lparser.c */; };
		A7D98D7F1B1D1CB100988E46 /* lstate.c in Sources */ = {isa = PBXBuildFile; fileRef = A7D98D5E1B1D1CB100988E46 /* lstate.c */; };
		A7D98D801B1D1CB100988E46 /* lstring.c in Sources */ = {isa = PBXBuildFile; fileRef = A7D98D5F1B1D1CB100988E46 /* lstring.c */; };
		A7D98D811B1D1CB100988E46 /* lstrlib.c in Sources */ = {isa = PBXBuildFile; fileRef = A7D98D601B1D1CB100988E46 /* lstrlib.c */; };
		A7D98D821B1D1CB100988E46 /* ltable.c in Sources */ = {isa = PBXBuildFile; fileRef = A7D98D611B1D1CB100988E46 /* ltable.c */; };
		A7D98D831B1D1CB100988E46 /* ltablib.c in Sources */ = {isa = PBXBuildFile; fileRef = A7D98D621B1D1CB100988E46 /* ltablib.c */; };
		A7D98D841B1D1CB100988E46 /* ltm.c in Sources */ = {isa = PBXBuildFile; fileRef = A7D98D631B1D1CB100988E46 /* ltm.c */; };
		A7D98D851B1D1CB100988E46 /* lundump.c in Sources */ = {isa = PBXBuildFile; fileRef = A7D98D641B1D1CB100988E46 /* lundump.c */; };
		A7D98D861B1D1CB100988E46 /* lutf8lib.c in Sources */ = {isa = PBXBuildFile; fileRef = A7D98D651B1D1CB100988E46 /* lutf8lib.c */; };
		A7D98D871B1D1CB100988E46 /* lvm.c in Sources */ = {isa = PBXBuildFile; fileRef = A7D98D661B1D1CB100988E46 /* lvm.c */; };
		A7D98D881B1D1CB100988E46 /* lzio.c in Sources */ = {isa = PBXBuildFile; fileRef = A7D98D671B1D1CB100988E46 /* lzio.c */; };
/* End PBXBuildFile section */

/* Begin PBXCopyFilesBuildPhase section */
		A7604BCE1B1C67DF000B9FB0 /* CopyFiles */ = {
			isa = PBXCopyFilesBuildPhase;
			buildActionMask = 2147483647;
			dstPath = /usr/share/man/man1/;
			dstSubfolderSpec = 0;
			files = (
			);
			runOnlyForDeploymentPostprocessing = 1;
		};
/* End PBXCopyFilesBuildPhase section */

/* Begin PBXFileReference section */
		A7604BD01B1C67DF000B9FB0 /* testMac */ = {isa = PBXFileReference; explicitFileType = "compiled.mach-o.executable"; includeInIndex = 0; path = testMac; sourceTree = BUILT_PRODUCTS_DIR; };
		A7D98D441B1D1AEE00988E46 /* luaFL.h */ = {isa = PBXFileReference; fileEncoding = 4; lastKnownFileType = sourcecode.c.h; name = luaFL.h; path = ../luaFL.h; sourceTree = "<group>"; };
		A7D98D451B1D1BD500988E46 /* main.cpp */ = {isa = PBXFileReference; fileEncoding = 4; lastKnownFileType = sourcecode.cpp.cpp; name = main.cpp; path = ../test/main.cpp; sourceTree = SOURCE_ROOT; };
		A7D98D471B1D1CB100988E46 /* lapi.c */ = {isa = PBXFileReference; fileEncoding = 4; lastKnownFileType = sourcecode.c.c; name = lapi.c; path = ../../lua/lapi.c; sourceTree = "<group>"; };
		A7D98D481B1D1CB100988E46 /* lauxlib.c */ = {isa = PBXFileReference; fileEncoding = 4; lastKnownFileType = sourcecode.c.c; name = lauxlib.c; path = ../../lua/lauxlib.c; sourceTree = "<group>"; };
		A7D98D491B1D1CB100988E46 /* lbaselib.c */ = {isa = PBXFileReference; fileEncoding = 4; lastKnownFileType = sourcecode.c.c; name = lbaselib.c; path = ../../lua/lbaselib.c; sourceTree = "<group>"; };
		A7D98D4A1B1D1CB100988E46 /* lbitlib.c */ = {isa = PBXFileReference; fileEncoding = 4; lastKnownFileType = sourcecode.c.c; name = lbitlib.c; path = ../../lua/lbitlib.c; sourceTree = "<group>"; };
		A7D98D4B1B1D1CB100988E46 /* lcode.c */ = {isa = PBXFileReference; fileEncoding = 4; lastKnownFileType = sourcecode.c.c; name = lcode.c; path = ../../lua/lcode.c; sourceTree = "<group>"; };
		A7D98D4C1B1D1CB100988E46 /* lcorolib.c */ = {isa = PBXFileReference; fileEncoding = 4; lastKnownFileType = sourcecode.c.c; name = lcorolib.c; path = ../../lua/lcorolib.c; sourceTree = "<group>"; };
		A7D98D4D1B1D1CB100988E46 /* lctype.c */ = {isa = PBXFileReference; fileEncoding = 4; lastKnownFileType = sourcecode.c.c; name = lctype.c; path = ../../lua/lctype.c; sourceTree = "<group>"; };
		A7D98D4E1B1D1CB100988E46 /* ldblib.c */ = {isa = PBXFileReference; fileEncoding = 4; lastKnownFileType = sourcecode.c.c; name = ldblib.c; path = ../../lua/ldblib.c; sourceTree = "<group>"; };
		A7D98D4F1B1D1CB100988E46 /* ldebug.c */ = {isa = PBXFileReference; fileEncoding = 4; lastKnownFileType = sourcecode.c.c; name = ldebug.c; path = ../../lua/ldebug.c; sourceTree = "<group>"; };
		A7D98D501B1D1CB100988E46 /* ldo.c */ = {isa = PBXFileReference; fileEncoding = 4; lastKnownFileType = sourcecode.c.c; name = ldo.c; path = ../../lua/ldo.c; sourceTree = "<group>"; };
		A7D98D511B1D1CB100988E46 /* ldump.c */ = {isa = PBXFileReference; fileEncoding = 4; lastKnownFileType = sourcecode.c.c; name = ldump.c; path = ../../lua/ldump.c; sourceTree = "<group>"; };
		A7D98D521B1D1CB100988E46 /* lfunc.c */ = {isa = PBXFileReference; fileEncoding = 4; lastKnownFileType = sourcecode.c.c; name = lfunc.c; path = ../../lua/lfunc.c; sourceTree = "<group>"; };
		A7D98D531B1D1CB100988E46 /* lgc.c */ = {isa = PBXFileReference; fileEncoding = 4; lastKnownFileType = sourcecode.c.c; name = lgc.c; path = ../../lua/lgc.c; sourceTree = "<group>"; };
		A7D98D541B1D1CB100988E46 /* linit.c */ = {isa = PBXFileReference; fileEncoding = 4; lastKnownFileType = sourcecode.c.c; name = linit.c; path = ../../lua/linit.c; sourceTree = "<group>"; };
		A7D98D551B1D1CB100988E46 /* liolib.c */ = {isa = PBXFileReference; fileEncoding = 4; lastKnownFileType = sourcecode.c.c; name = liolib.c; path = ../../lua/liolib.c; sourceTree = "<group>"; };
		A7D98D561B1D1CB100988E46 /* llex.c */ = {isa = PBXFileReference; fileEncoding = 4; lastKnownFileType = sourcecode.c.c; name = llex.c; path = ../../lua/llex.c; sourceTree = "<group>"; };
		A7D98D571B1D1CB100988E46 /* lmathlib.c */ = {isa = PBXFileReference; fileEncoding = 4; lastKnownFileType = sourcecode.c.c; name = lmathlib.c; path = ../../lua/lmathlib.c; sourceTree = "<group>"; };
		A7D98D581B1D1CB100988E46 /* lmem.c */ = {isa = PBXFileReference; fileEncoding = 4; lastKnownFileType = sourcecode.c.c; name = lmem.c; path = ../../lua/lmem.c; sourceTree = "<group>"; };
		A7D98D591B1D1CB100988E46 /* loadlib.c */ = {isa = PBXFileReference; fileEncoding = 4; lastKnownFileType = sourcecode.c.c; name = loadlib.c; path = ../../lua/loadlib.c; sourceTree = "<group>"; };
		A7D98D5A1B1D1CB100988E46 /* lobject.c */ = {isa = PBXFileReference; fileEncoding = 4; lastKnownFileType = sourcecode.c.c; name = lobject.c; path = ../../lua/lobject.c; sourceTree = "<group>"; };
		A7D98D5B1B1D1CB100988E46 /* lopcodes.c */ = {isa = PBXFileReference; fileEncoding = 4; lastKnownFileType = sourcecode.c.c; name = lopcodes.c; path = ../../lua/lopcodes.c; sourceTree = "<group>"; };
		A7D98D5C1B1D1CB100988E46 /* loslib.c */ = {isa = PBXFileReference; fileEncoding = 4; lastKnownFileType = sourcecode.c.c; name = loslib.c; path = ../../lua/loslib.c; sourceTree = "<group>"; };
		A7D98D5D1B1D1CB100988E46 /* lparser.c */ = {isa = PBXFileReference; fileEncoding = 4; lastKnownFileType = sourcecode.c.c; name = lparser.c; path = ../../lua/lparser.c; sourceTree = "<group>"; };
		A7D98D5E1B1D1CB100988E46 /* lstate.c */ = {isa = PBXFileReference; fileEncoding = 4; lastKnownFileType = sourcecode.c.c; name = lstate.c; path = ../../lua/lstate.c; sourceTree = "<group>"; };
		A7D98D5F1B1D1CB100988E46 /* lstring.c */ = {isa = PBXFileReference; fileEncoding = 4; lastKnownFileType = sourcecode.c.c; name = lstring.c; path = ../../lua/lstring.c; sourceTree = "<group>"; };
		A7D98D601B1D1CB100988E46 /* lstrlib.c */ = {isa = PBXFileReference; fileEncoding = 4; lastKnownFileType = sourcecode.c.c; name = lstrlib.c; path = ../../lua/lstrlib.c; sourceTree = "<group>"; };
		A7D98D611B1D1CB100988E46 /* ltable.c */ = {isa = PBXFileReference; fileEncoding = 4; lastKnownFileType = sourcecode.c.c; name = ltable.c; path = ../../lua/ltable.c; sourceTree = "<group>"; };
		A7D98D621B1D1CB100988E46 /* ltablib.c */ = {isa = PBXFileReference; fileEncoding = 4; lastKnownFileType = sourcecode.c.c; name = ltablib.c; path = ../../lua/ltablib.c; sourceTree = "<group>"; };
		A7D98D631B1D1CB100988E46 /* ltm.c */ = {isa = PBXFileReference; fileEncoding = 4; lastKnownFileType = sourcecode.c.c; name = ltm.c; path = ../../lua/ltm.c; sourceTree = "<group>"; };
		A7D98D641B1D1CB100988E46 /* lundump.c */ = {isa = PBXFileReference; fileEncoding = 4; lastKnownFileType = sourcecode.c.c; name = lundump.c; path = ../../lua/lundump.c; sourceTree = "<group>"; };
		A7D98D651B1D1CB100988E46 /* lutf8lib.c */ = {isa = PBXFileReference; fileEncoding = 4; lastKnownFileType = sourcecode.c.c; name = lutf8lib.c; path = ../../lua/lutf8lib.c; sourceTree = "<group>"; };
		A7D98D661B1D1CB100988E46 /* lvm.c */ = {isa = PBXFileReference; fileEncoding = 4; lastKnownFileType = sourcecode.c.c; name = lvm.c; path = ../../lua/lvm.c; sourceTree = "<group>"; };
		A7D98D671B1D1CB100988E46 /* lzio.c */ = {isa = PBXFileReference; fileEncoding = 4; lastKnownFileType = sourcecode.c.c; name = lzio.c; path = ../../lua/lzio.c; sourceTree = "<group>"; };
		A7D98D891B1D1F9100988E46 /* uvpeer.h */ = {isa = PBXFileReference; fileEncoding = 4; lastKnownFileType = sourcecode.c.h; name = uvpeer.h; path = ../uvpeer.h; sourceTree = SOURCE_ROOT; };
/* End PBXFileReference section */

/* Begin PBXFrameworksBuildPhase section */
		A7604BCD1B1C67DF000B9FB0 /* Frameworks */ = {
			isa = PBXFrameworksBuildPhase;
			buildActionMask = 2147483647;
			files = (
			);
			runOnlyForDeploymentPostprocessing = 0;
		};
/* End PBXFrameworksBuildPhase section */

/* Begin PBXGroup section */
		A7604BC71B1C67DF000B9FB0 = {
			isa = PBXGroup;
			children = (
				A7D98D891B1D1F9100988E46 /* uvpeer.h */,
				A7D98D441B1D1AEE00988E46 /* luaFL.h */,
				A7604BDC1B1C6818000B9FB0 /* lua */,
				A7604BD21B1C67DF000B9FB0 /* testMac */,
				A7604BD11B1C67DF000B9FB0 /* Products */,
			);
			sourceTree = "<group>";
		};
		A7604BD11B1C67DF000B9FB0 /* Products */ = {
			isa = PBXGroup;
			children = (
				A7604BD01B1C67DF000B9FB0 /* testMac */,
			);
			name = Products;
			sourceTree = "<group>";
		};
		A7604BD21B1C67DF000B9FB0 /* testMac */ = {
			isa = PBXGroup;
			children = (
				A7D98D451B1D1BD500988E46 /* main.cpp */,
			);
			path = testMac;
			sourceTree = "<group>";
		};
		A7604BDC1B1C6818000B9FB0 /* lua */ = {
			isa = PBXGroup;
			children = (
				A7D98D471B1D1CB100988E46 /* lapi.c */,
				A7D98D481B1D1CB100988E46 /* lauxlib.c */,
				A7D98D491B1D1CB100988E46 /* lbaselib.c */,
				A7D98D4A1B1D1CB100988E46 /* lbitlib.c */,
				A7D98D4B1B1D1CB100988E46 /* lcode.c */,
				A7D98D4C1B1D1CB100988E46 /* lcorolib.c */,
				A7D98D4D1B1D1CB100988E46 /* lctype.c */,
				A7D98D4E1B1D1CB100988E46 /* ldblib.c */,
				A7D98D4F1B1D1CB100988E46 /* ldebug.c */,
				A7D98D501B1D1CB100988E46 /* ldo.c */,
				A7D98D511B1D1CB100988E46 /* ldump.c */,
				A7D98D521B1D1CB100988E46 /* lfunc.c */,
				A7D98D531B1D1CB100988E46 /* lgc.c */,
				A7D98D541B1D1CB100988E46 /* linit.c */,
				A7D98D551B1D1CB100988E46 /* liolib.c */,
				A7D98D561B1D1CB100988E46 /* llex.c */,
				A7D98D571B1D1CB100988E46 /* lmathlib.c */,
				A7D98D581B1D1CB100988E46 /* lmem.c */,
				A7D98D591B1D1CB100988E46 /* loadlib.c */,
				A7D98D5A1B1D1CB100988E46 /* lobject.c */,
				A7D98D5B1B1D1CB100988E46 /* lopcodes.c */,
				A7D98D5C1B1D1CB100988E46 /* loslib.c */,
				A7D98D5D1B1D1CB100988E46 /* lparser.c */,
				A7D98D5E1B1D1CB100988E46 /* lstate.c */,
				A7D98D5F1B1D1CB100988E46 /* lstring.c */,
				A7D98D601B1D1CB100988E46 /* lstrlib.c */,
				A7D98D611B1D1CB100988E46 /* ltable.c */,
				A7D98D621B1D1CB100988E46 /* ltablib.c */,
				A7D98D631B1D1CB100988E46 /* ltm.c */,
				A7D98D641B1D1CB100988E46 /* lundump.c */,
				A7D98D651B1D1CB100988E46 /* lutf8lib.c */,
				A7D98D661B1D1CB100988E46 /* lvm.c */,
				A7D98D671B1D1CB100988E46 /* lzio.c */,
			);
			name = lua;
			path = testMac;
			sourceTree = "<group>";
		};
/* End PBXGroup section */

/* Begin PBXNativeTarget section */
		A7604BCF1B1C67DF000B9FB0 /* testMac */ = {
			isa = PBXNativeTarget;
			buildConfigurationList = A7604BD71B1C67DF000B9FB0 /* Build configuration list for PBXNativeTarget "testMac" */;
			buildPhases = (
				A7604BCC1B1C67DF000B9FB0 /* Sources */,
				A7604BCD1B1C67DF000B9FB0 /* Frameworks */,
				A7604BCE1B1C67DF000B9FB0 /* CopyFiles */,
			);
			buildRules = (
			);
			dependencies = (
			);
			name = testMac;
			productName = testMac;
			productReference = A7604BD01B1C67DF000B9FB0 /* testMac */;
			productType = "com.apple.product-type.tool";
		};
/* End PBXNativeTarget section */

/* Begin PBXProject section */
		A7604BC81B1C67DF000B9FB0 /* Project object */ = {
			isa = PBXProject;
			attributes = {
				LastUpgradeCheck = 0630;
				ORGANIZATIONNAME = zhuchuanjing;
				TargetAttributes = {
					A7604BCF1B1C67DF000B9FB0 = {
						CreatedOnToolsVersion = 6.3.2;
					};
				};
			};
			buildConfigurationList = A7604BCB1B1C67DF000B9FB0 /* Build configuration list for PBXProject "testMac" */;
			compatibilityVersion = "Xcode 3.2";
			developmentRegion = English;
			hasScannedForEncodings = 0;
			knownRegions = (
				en,
			);
			mainGroup = A7604BC71B1C67DF000B9FB0;
			productRefGroup = A7604BD11B1C67DF000B9FB0 /* Products */;
			projectDirPath = "";
			projectRoot = "";
			targets = (
				A7604BCF1B1C67DF000B9FB0 /* testMac */,
			);
		};
/* End PBXProject section */

/* Begin PBXSourcesBuildPhase section */
		A7604BCC1B1C67DF000B9FB0 /* Sources */ = {
			isa = PBXSourcesBuildPhase;
			buildActionMask = 2147483647;
			files = (
				A7D98D871B1D1CB100988E46 /* lvm.c in Sources */,
				A7D98D731B1D1CB100988E46 /* lfunc.c in Sources */,
				A7D98D7B1B1D1CB100988E46 /* lobject.c in Sources */,
				A7D98D711B1D1CB100988E46 /* ldo.c in Sources */,
				A7D98D851B1D1CB100988E46 /* lundump.c in Sources */,
				A7D98D7D1B1D1CB100988E46 /* loslib.c in Sources */,
				A7D98D861B1D1CB100988E46 /* lutf8lib.c in Sources */,
				A7D98D7F1B1D1CB100988E46 /* lstate.c in Sources */,
				A7D98D781B1D1CB100988E46 /* lmathlib.c in Sources */,
				A7D98D831B1D1CB100988E46 /* ltablib.c in Sources */,
				A7D98D6F1B1D1CB100988E46 /* ldblib.c in Sources */,
				A7D98D801B1D1CB100988E46 /* lstring.c in Sources */,
				A7D98D841B1D1CB100988E46 /* ltm.c in Sources */,
				A7D98D751B1D1CB100988E46 /* linit.c in Sources */,
				A7D98D821B1D1CB100988E46 /* ltable.c in Sources */,
				A7D98D761B1D1CB100988E46 /* liolib.c in Sources */,
				A7D98D6D1B1D1CB100988E46 /* lcorolib.c in Sources */,
				A7D98D461B1D1BD500988E46 /* main.cpp in Sources */,
				A7D98D6E1B1D1CB100988E46 /* lctype.c in Sources */,
				A7D98D811B1D1CB100988E46 /* lstrlib.c in Sources */,
				A7D98D741B1D1CB100988E46 /* lgc.c in Sources */,
				A7D98D6A1B1D1CB100988E46 /* lbaselib.c in Sources */,
				A7D98D721B1D1CB100988E46 /* ldump.c in Sources */,
				A7D98D771B1D1CB100988E46 /* llex.c in Sources */,
				A7D98D681B1D1CB100988E46 /* lapi.c in Sources */,
				A7D98D701B1D1CB100988E46 /* ldebug.c in Sources */,
				A7D98D7C1B1D1CB100988E46 /* lopcodes.c in Sources */,
				A7D98D6C1B1D1CB100988E46 /* lcode.c in Sources */,
				A7D98D7E1B1D1CB100988E46 /* lparser.c in Sources */,
				A7D98D6B1B1D1CB100988E46 /* lbitlib.c in Sources */,
				A7D98D7A1B1D1CB100988E46 /* loadlib.c in Sources */,
				A7D98D881B1D1CB100988E46 /* lzio.c in Sources */,
				A7D98D691B1D1CB100988E46 /* lauxlib.c in Sources */,
				A7D98D791B1D1CB100988E46 /* lmem.c in Sources */,
			);
			runOnlyForDeploymentPostprocessing = 0;
		};
/* End PBXSourcesBuildPhase section */

/* Begin XCBuildConfiguration section */
		A7604BD51B1C67DF000B9FB0 /* Debug */ = {
			isa = XCBuildConfiguration;
			buildSettings = {
				ALWAYS_SEARCH_USER_PATHS = NO;
				CLANG_CXX_LANGUAGE_STANDARD = "gnu++0x";
				CLANG_CXX_LIBRARY = "libc++";
				CLANG_ENABLE_MODULES = YES;
				CLANG_ENABLE_OBJC_ARC = YES;
				CLANG_WARN_BOOL_CONVERSION = YES;
				CLANG_WARN_CONSTANT_CONVERSION = YES;
				CLANG_WARN_DIRECT_OBJC_ISA_USAGE = YES_ERROR;
				CLANG_WARN_EMPTY_BODY = YES;
				CLANG_WARN_ENUM_CONVERSION = YES;
				CLANG_WARN_INT_CONVERSION = YES;
				CLANG_WARN_OBJC_ROOT_CLASS = YES_ERROR;
				CLANG_WARN_UNREACHABLE_CODE = YES;
				CLANG_WARN__DUPLICATE_METHOD_MATCH = YES;
				COPY_PHASE_STRIP = NO;
				DEBUG_INFORMATION_FORMAT = dwarf;
				ENABLE_STRICT_OBJC_MSGSEND = YES;
				GCC_C_LANGUAGE_STANDARD = gnu99;
				GCC_DYNAMIC_NO_PIC = NO;
				GCC_NO_COMMON_BLOCKS = YES;
				GCC_OPTIMIZATION_LEVEL = 0;
				GCC_PREPROCESSOR_DEFINITIONS = (
					"DEBUG=1",
					"$(inherited)",
				);
				GCC_SYMBOLS_PRIVATE_EXTERN = NO;
				GCC_WARN_64_TO_32_BIT_CONVERSION = YES;
				GCC_WARN_ABOUT_RETURN_TYPE = YES_ERROR;
				GCC_WARN_UNDECLARED_SELECTOR = YES;
				GCC_WARN_UNINITIALIZED_AUTOS = YES_AGGRESSIVE;
				GCC_WARN_UNUSED_FUNCTION = YES;
				GCC_WARN_UNUSED_VARIABLE = YES;
				MACOSX_DEPLOYMENT_TARGET = 10.10;
				MTL_ENABLE_DEBUG_INFO = YES;
				ONLY_ACTIVE_ARCH = YES;
				SDKROOT = macosx;
			};
			name = Debug;
		};
		A7604BD61B1C67DF000B9FB0 /* Release */ = {
			isa = XCBuildConfiguration;
			buildSettings = {
				ALWAYS_SEARCH_USER_PATHS = NO;
				CLANG_CXX_LANGUAGE_STANDARD = "gnu++0x";
				CLANG_CXX_LIBRARY = "libc++";
				CLANG_ENABLE_MODULES = YES;
				CLANG_ENABLE_OBJC_ARC = YES;
				CLANG_WARN_BOOL_CONVERSION = YES;
				CLANG_WARN_CONSTANT_CONVERSION = YES;
				CLANG_WARN_DIRECT_OBJC_ISA_USAGE = YES_ERROR;
				CLANG_WARN_EMPTY_BODY = YES;
				CLANG_WARN_ENUM_CONVERSION = YES;
				CLANG_WARN_INT_CONVERSION = YES;
				CLANG_WARN_OBJC_ROOT_CLASS = YES_ERROR;
				CLANG_WARN_UNREACHABLE_CODE = YES;
				CLANG_WARN__DUPLICATE_METHOD_MATCH = YES;
				COPY_PHASE_STRIP = NO;
				DEBUG_INFORMATION_FORMAT = "dwarf-with-dsym";
				ENABLE_NS_ASSERTIONS = NO;
				ENABLE_STRICT_OBJC_MSGSEND = YES;
				GCC_C_LANGUAGE_STANDARD = gnu99;
				GCC_NO_COMMON_BLOCKS = YES;
				GCC_WARN_64_TO_32_BIT_CONVERSION = YES;
				GCC_WARN_ABOUT_RETURN_TYPE = YES_ERROR;
				GCC_WARN_UNDECLARED_SELECTOR = YES;
				GCC_WARN_UNINITIALIZED_AUTOS = YES_AGGRESSIVE;
				GCC_WARN_UNUSED_FUNCTION = YES;
				GCC_WARN_UNUSED_VARIABLE = YES;
				MACOSX_DEPLOYMENT_TARGET = 10.10;
				MTL_ENABLE_DEBUG_INFO = NO;
				SDKROOT = macosx;
			};
			name = Release;
		};
		A7604BD81B1C67DF000B9FB0 /* Debug */ = {
			isa = XCBuildConfiguration;
			buildSettings = {
				PRODUCT_NAME = "$(TARGET_NAME)";
			};
			name = Debug;
		};
		A7604BD91B1C67DF000B9FB0 /* Release */ = {
			isa = XCBuildConfiguration;
			buildSettings = {
				PRODUCT_NAME = "$(TARGET_NAME)";
			};
			name = Release;
		};
/* End XCBuildConfiguration section */

/* Begin XCConfigurationList section */
		A7604BCB1B1C67DF000B9FB0 /* Build configuration list for PBXProject "testMac" */ = {
			isa = XCConfigurationList;
			buildConfigurations = (
				A7604BD51B1C67DF000B9FB0 /* Debug */,
				A7604BD61B1C67DF000B9FB0 /* Release */,
			);
			defaultConfigurationIsVisible = 0;
			defaultConfigurationName = Release;
		};
		A7604BD71B1C67DF000B9FB0 /* Build configuration list for PBXNativeTarget "testMac" */ = {
			isa = XCConfigurationList;
			buildConfigurations = (
				A7604BD81B1C67DF000B9FB0 /* Debug */,
				A7604BD91B1C67DF000B9FB0 /* Release */,
			);
			defaultConfigurationIsVisible = 0;
			defaultConfigurationName = Release;
		};
/* End XCConfigurationList section */
	};
	rootObject = A7604BC81B1C67DF000B9FB0 /* Project object */;
}
